// !$*UTF8*$!
{
	archiveVersion = 1;
	classes = {
	};
	objectVersion = 77;
	objects = {

/* Begin PBXBuildFile section */
		BE2BBC682E4226B60069CBAE /* Main.storyboard in Resources */ = {isa = PBXBuildFile; fileRef = BE2BBC632E4226B60069CBAE /* Main.storyboard */; };
		BE2BBC692E4226B60069CBAE /* LaunchScreen.storyboard in Resources */ = {isa = PBXBuildFile; fileRef = BE2BBC622E4226B60069CBAE /* LaunchScreen.storyboard */; };
		BE2BBC6A2E4226B60069CBAE /* Assets.xcassets in Resources */ = {isa = PBXBuildFile; fileRef = BE2BBC602E4226B60069CBAE /* Assets.xcassets */; };
		BE2BBC6C2E4226B60069CBAE /* SceneDelegate.swift in Sources */ = {isa = PBXBuildFile; fileRef = BE2BBC642E4226B60069CBAE /* SceneDelegate.swift */; };
		BE2BBC6D2E4226B60069CBAE /* ViewController.swift in Sources */ = {isa = PBXBuildFile; fileRef = BE2BBC652E4226B60069CBAE /* ViewController.swift */; };
		BE2BBC6E2E4226B60069CBAE /* AppDelegate.swift in Sources */ = {isa = PBXBuildFile; fileRef = BE2BBC5F2E4226B60069CBAE /* AppDelegate.swift */; };
		BE2BBC7E2E4245B80069CBAE /* UIColor+Extension.swift in Sources */ = {isa = PBXBuildFile; fileRef = BE2BBC7C2E4245B80069CBAE /* UIColor+Extension.swift */; };
		BE2BBC7F2E4245B80069CBAE /* ColorManager.swift in Sources */ = {isa = PBXBuildFile; fileRef = BE2BBC792E4245B80069CBAE /* ColorManager.swift */; };
		BE2BBC802E4245B80069CBAE /* CAGradientLayer+Extension.swift in Sources */ = {isa = PBXBuildFile; fileRef = BE2BBC7B2E4245B80069CBAE /* CAGradientLayer+Extension.swift */; };
		BE2BBC8A2E4246FE0069CBAE /* PaywallPriceView.swift in Sources */ = {isa = PBXBuildFile; fileRef = BE2BBC892E4246E80069CBAE /* PaywallPriceView.swift */; };
/* End PBXBuildFile section */

/* Begin PBXFileReference section */
		BE2BBC442E4220C80069CBAE /* PaywallScreen.app */ = {isa = PBXFileReference; explicitFileType = wrapper.application; includeInIndex = 0; path = PaywallScreen.app; sourceTree = BUILT_PRODUCTS_DIR; };
		BE2BBC5F2E4226B60069CBAE /* AppDelegate.swift */ = {isa = PBXFileReference; lastKnownFileType = sourcecode.swift; path = AppDelegate.swift; sourceTree = "<group>"; };
		BE2BBC602E4226B60069CBAE /* Assets.xcassets */ = {isa = PBXFileReference; lastKnownFileType = folder.assetcatalog; path = Assets.xcassets; sourceTree = "<group>"; };
		BE2BBC612E4226B60069CBAE /* Info.plist */ = {isa = PBXFileReference; lastKnownFileType = text.plist.xml; path = Info.plist; sourceTree = "<group>"; };
		BE2BBC642E4226B60069CBAE /* SceneDelegate.swift */ = {isa = PBXFileReference; lastKnownFileType = sourcecode.swift; path = SceneDelegate.swift; sourceTree = "<group>"; };
		BE2BBC652E4226B60069CBAE /* ViewController.swift */ = {isa = PBXFileReference; lastKnownFileType = sourcecode.swift; path = ViewController.swift; sourceTree = "<group>"; };
		BE2BBC662E4226B60069CBAE /* Base */ = {isa = PBXFileReference; lastKnownFileType = file.storyboard; name = Base; path = Base.lproj/Main.storyboard; sourceTree = "<group>"; };
		BE2BBC672E4226B60069CBAE /* Base */ = {isa = PBXFileReference; lastKnownFileType = file.storyboard; name = Base; path = Base.lproj/LaunchScreen.storyboard; sourceTree = "<group>"; };
		BE2BBC792E4245B80069CBAE /* ColorManager.swift */ = {isa = PBXFileReference; lastKnownFileType = sourcecode.swift; path = ColorManager.swift; sourceTree = "<group>"; };
		BE2BBC7B2E4245B80069CBAE /* CAGradientLayer+Extension.swift */ = {isa = PBXFileReference; lastKnownFileType = sourcecode.swift; path = "CAGradientLayer+Extension.swift"; sourceTree = "<group>"; };
		BE2BBC7C2E4245B80069CBAE /* UIColor+Extension.swift */ = {isa = PBXFileReference; lastKnownFileType = sourcecode.swift; path = "UIColor+Extension.swift"; sourceTree = "<group>"; };
		BE2BBC892E4246E80069CBAE /* PaywallPriceView.swift */ = {isa = PBXFileReference; lastKnownFileType = sourcecode.swift; path = PaywallPriceView.swift; sourceTree = "<group>"; };
/* End PBXFileReference section */

/* Begin PBXFrameworksBuildPhase section */
		BE2BBC412E4220C80069CBAE /* Frameworks */ = {
			isa = PBXFrameworksBuildPhase;
			buildActionMask = 2147483647;
			files = (
			);
			runOnlyForDeploymentPostprocessing = 0;
		};
/* End PBXFrameworksBuildPhase section */

/* Begin PBXGroup section */
		BE2BBC3B2E4220C80069CBAE = {
			isa = PBXGroup;
			children = (
				BE2BBC782E4245AA0069CBAE /* PaywallScreen */,
				BE2BBC452E4220C80069CBAE /* Products */,
			);
			sourceTree = "<group>";
		};
		BE2BBC452E4220C80069CBAE /* Products */ = {
			isa = PBXGroup;
			children = (
				BE2BBC442E4220C80069CBAE /* PaywallScreen.app */,
			);
			name = Products;
			sourceTree = "<group>";
		};
		BE2BBC782E4245AA0069CBAE /* PaywallScreen */ = {
			isa = PBXGroup;
			children = (
				BE2BBC612E4226B60069CBAE /* Info.plist */,
				BE2BBC862E42461E0069CBAE /* Application */,
				BE2BBC842E4245DE0069CBAE /* Extensions */,
				BE2BBC832E4245C70069CBAE /* DesignSystem */,
				BE2BBC872E4246C60069CBAE /* Scenes */,
				BE2BBC852E4245F30069CBAE /* Resources */,
			);
			path = PaywallScreen;
			sourceTree = "<group>";
		};
		BE2BBC832E4245C70069CBAE /* DesignSystem */ = {
			isa = PBXGroup;
			children = (
				BE2BBC792E4245B80069CBAE /* ColorManager.swift */,
			);
			path = DesignSystem;
			sourceTree = "<group>";
		};
		BE2BBC842E4245DE0069CBAE /* Extensions */ = {
			isa = PBXGroup;
			children = (
				BE2BBC7B2E4245B80069CBAE /* CAGradientLayer+Extension.swift */,
				BE2BBC7C2E4245B80069CBAE /* UIColor+Extension.swift */,
			);
			path = Extensions;
			sourceTree = "<group>";
		};
		BE2BBC852E4245F30069CBAE /* Resources */ = {
			isa = PBXGroup;
			children = (
				BE2BBC622E4226B60069CBAE /* LaunchScreen.storyboard */,
				BE2BBC632E4226B60069CBAE /* Main.storyboard */,
				BE2BBC602E4226B60069CBAE /* Assets.xcassets */,
			);
			path = Resources;
			sourceTree = "<group>";
		};
		BE2BBC862E42461E0069CBAE /* Application */ = {
			isa = PBXGroup;
			children = (
				BE2BBC5F2E4226B60069CBAE /* AppDelegate.swift */,
				BE2BBC642E4226B60069CBAE /* SceneDelegate.swift */,
			);
			path = Application;
			sourceTree = "<group>";
		};
		BE2BBC872E4246C60069CBAE /* Scenes */ = {
			isa = PBXGroup;
			children = (
				BE2BBC882E4246CE0069CBAE /* UIElements */,
				BE2BBC652E4226B60069CBAE /* ViewController.swift */,
			);
			path = Scenes;
			sourceTree = "<group>";
		};
		BE2BBC882E4246CE0069CBAE /* UIElements */ = {
			isa = PBXGroup;
			children = (
				BE2BBC892E4246E80069CBAE /* PaywallPriceView.swift */,
			);
			path = UIElements;
			sourceTree = "<group>";
		};
/* End PBXGroup section */

/* Begin PBXNativeTarget section */
		BE2BBC432E4220C80069CBAE /* PaywallScreen */ = {
			isa = PBXNativeTarget;
			buildConfigurationList = BE2BBC572E4220CA0069CBAE /* Build configuration list for PBXNativeTarget "PaywallScreen" */;
			buildPhases = (
				BE2BBC402E4220C80069CBAE /* Sources */,
				BE2BBC412E4220C80069CBAE /* Frameworks */,
				BE2BBC422E4220C80069CBAE /* Resources */,
			);
			buildRules = (
			);
			dependencies = (
			);
			name = PaywallScreen;
			packageProductDependencies = (
			);
			productName = PaywallScreen;
			productReference = BE2BBC442E4220C80069CBAE /* PaywallScreen.app */;
			productType = "com.apple.product-type.application";
		};
/* End PBXNativeTarget section */

/* Begin PBXProject section */
		BE2BBC3C2E4220C80069CBAE /* Project object */ = {
			isa = PBXProject;
			attributes = {
				BuildIndependentTargetsInParallel = 1;
				LastSwiftUpdateCheck = 1640;
				LastUpgradeCheck = 1640;
				TargetAttributes = {
					BE2BBC432E4220C80069CBAE = {
						CreatedOnToolsVersion = 16.4;
					};
				};
			};
			buildConfigurationList = BE2BBC3F2E4220C80069CBAE /* Build configuration list for PBXProject "PaywallScreen" */;
			developmentRegion = en;
			hasScannedForEncodings = 0;
			knownRegions = (
				en,
				Base,
			);
			mainGroup = BE2BBC3B2E4220C80069CBAE;
			minimizedProjectReferenceProxies = 1;
			preferredProjectObjectVersion = 77;
			productRefGroup = BE2BBC452E4220C80069CBAE /* Products */;
			projectDirPath = "";
			projectRoot = "";
			targets = (
				BE2BBC432E4220C80069CBAE /* PaywallScreen */,
			);
		};
/* End PBXProject section */

/* Begin PBXResourcesBuildPhase section */
		BE2BBC422E4220C80069CBAE /* Resources */ = {
			isa = PBXResourcesBuildPhase;
			buildActionMask = 2147483647;
			files = (
				BE2BBC682E4226B60069CBAE /* Main.storyboard in Resources */,
				BE2BBC692E4226B60069CBAE /* LaunchScreen.storyboard in Resources */,
				BE2BBC6A2E4226B60069CBAE /* Assets.xcassets in Resources */,
			);
			runOnlyForDeploymentPostprocessing = 0;
		};
/* End PBXResourcesBuildPhase section */

/* Begin PBXSourcesBuildPhase section */
		BE2BBC402E4220C80069CBAE /* Sources */ = {
			isa = PBXSourcesBuildPhase;
			buildActionMask = 2147483647;
			files = (
				BE2BBC7E2E4245B80069CBAE /* UIColor+Extension.swift in Sources */,
				BE2BBC6C2E4226B60069CBAE /* SceneDelegate.swift in Sources */,
				BE2BBC8A2E4246FE0069CBAE /* PaywallPriceView.swift in Sources */,
				BE2BBC6D2E4226B60069CBAE /* ViewController.swift in Sources */,
				BE2BBC802E4245B80069CBAE /* CAGradientLayer+Extension.swift in Sources */,
				BE2BBC6E2E4226B60069CBAE /* AppDelegate.swift in Sources */,
				BE2BBC7F2E4245B80069CBAE /* ColorManager.swift in Sources */,
			);
			runOnlyForDeploymentPostprocessing = 0;
		};
/* End PBXSourcesBuildPhase section */

/* Begin PBXVariantGroup section */
		BE2BBC622E4226B60069CBAE /* LaunchScreen.storyboard */ = {
			isa = PBXVariantGroup;
			children = (
				BE2BBC672E4226B60069CBAE /* Base */,
			);
			name = LaunchScreen.storyboard;
			sourceTree = "<group>";
		};
		BE2BBC632E4226B60069CBAE /* Main.storyboard */ = {
			isa = PBXVariantGroup;
			children = (
				BE2BBC662E4226B60069CBAE /* Base */,
			);
			name = Main.storyboard;
			sourceTree = "<group>";
		};
/* End PBXVariantGroup section */

/* Begin XCBuildConfiguration section */
		BE2BBC582E4220CA0069CBAE /* Debug */ = {
			isa = XCBuildConfiguration;
			buildSettings = {
				ASSETCATALOG_COMPILER_APPICON_NAME = AppIcon;
				ASSETCATALOG_COMPILER_GLOBAL_ACCENT_COLOR_NAME = AccentColor;
				CODE_SIGN_STYLE = Automatic;
				CURRENT_PROJECT_VERSION = 1;
				DEVELOPMENT_TEAM = NJ87M3Q97R;
				GENERATE_INFOPLIST_FILE = YES;
				INFOPLIST_FILE = PaywallScreen/Info.plist;
				INFOPLIST_KEY_UIApplicationSupportsIndirectInputEvents = YES;
				INFOPLIST_KEY_UILaunchStoryboardName = LaunchScreen;
				INFOPLIST_KEY_UIMainStoryboardFile = Main;
				INFOPLIST_KEY_UISupportedInterfaceOrientations_iPad = "UIInterfaceOrientationPortrait UIInterfaceOrientationPortraitUpsideDown UIInterfaceOrientationLandscapeLeft UIInterfaceOrientationLandscapeRight";
				INFOPLIST_KEY_UISupportedInterfaceOrientations_iPhone = "UIInterfaceOrientationPortrait UIInterfaceOrientationLandscapeLeft UIInterfaceOrientationLandscapeRight";
				LD_RUNPATH_SEARCH_PATHS = (
					"$(inherited)",
					"@executable_path/Frameworks",
				);
				MARKETING_VERSION = 1.0;
				PRODUCT_BUNDLE_IDENTIFIER = irinadeeva.PaywallScreen;
				PRODUCT_NAME = "$(TARGET_NAME)";
				SWIFT_EMIT_LOC_STRINGS = YES;
				SWIFT_VERSION = 5.0;
				TARGETED_DEVICE_FAMILY = "1,2";
			};
			name = Debug;
		};
		BE2BBC592E4220CA0069CBAE /* Release */ = {
			isa = XCBuildConfiguration;
			buildSettings = {
				ASSETCATALOG_COMPILER_APPICON_NAME = AppIcon;
				ASSETCATALOG_COMPILER_GLOBAL_ACCENT_COLOR_NAME = AccentColor;
				CODE_SIGN_STYLE = Automatic;
				CURRENT_PROJECT_VERSION = 1;
				DEVELOPMENT_TEAM = NJ87M3Q97R;
				GENERATE_INFOPLIST_FILE = YES;
				INFOPLIST_FILE = PaywallScreen/Info.plist;
				INFOPLIST_KEY_UIApplicationSupportsIndirectInputEvents = YES;
				INFOPLIST_KEY_UILaunchStoryboardName = LaunchScreen;
				INFOPLIST_KEY_UIMainStoryboardFile = Main;
				INFOPLIST_KEY_UISupportedInterfaceOrientations_iPad = "UIInterfaceOrientationPortrait UIInterfaceOrientationPortraitUpsideDown UIInterfaceOrientationLandscapeLeft UIInterfaceOrientationLandscapeRight";
				INFOPLIST_KEY_UISupportedInterfaceOrientations_iPhone = "UIInterfaceOrientationPortrait UIInterfaceOrientationLandscapeLeft UIInterfaceOrientationLandscapeRight";
				LD_RUNPATH_SEARCH_PATHS = (
					"$(inherited)",
					"@executable_path/Frameworks",
				);
				MARKETING_VERSION = 1.0;
				PRODUCT_BUNDLE_IDENTIFIER = irinadeeva.PaywallScreen;
				PRODUCT_NAME = "$(TARGET_NAME)";
				SWIFT_EMIT_LOC_STRINGS = YES;
				SWIFT_VERSION = 5.0;
				TARGETED_DEVICE_FAMILY = "1,2";
			};
			name = Release;
		};
		BE2BBC5A2E4220CA0069CBAE /* Debug */ = {
			isa = XCBuildConfiguration;
			buildSettings = {
				ALWAYS_SEARCH_USER_PATHS = NO;
				ASSETCATALOG_COMPILER_GENERATE_SWIFT_ASSET_SYMBOL_EXTENSIONS = YES;
				CLANG_ANALYZER_NONNULL = YES;
				CLANG_ANALYZER_NUMBER_OBJECT_CONVERSION = YES_AGGRESSIVE;
				CLANG_CXX_LANGUAGE_STANDARD = "gnu++20";
				CLANG_ENABLE_MODULES = YES;
				CLANG_ENABLE_OBJC_ARC = YES;
				CLANG_ENABLE_OBJC_WEAK = YES;
				CLANG_WARN_BLOCK_CAPTURE_AUTORELEASING = YES;
				CLANG_WARN_BOOL_CONVERSION = YES;
				CLANG_WARN_COMMA = YES;
				CLANG_WARN_CONSTANT_CONVERSION = YES;
				CLANG_WARN_DEPRECATED_OBJC_IMPLEMENTATIONS = YES;
				CLANG_WARN_DIRECT_OBJC_ISA_USAGE = YES_ERROR;
				CLANG_WARN_DOCUMENTATION_COMMENTS = YES;
				CLANG_WARN_EMPTY_BODY = YES;
				CLANG_WARN_ENUM_CONVERSION = YES;
				CLANG_WARN_INFINITE_RECURSION = YES;
				CLANG_WARN_INT_CONVERSION = YES;
				CLANG_WARN_NON_LITERAL_NULL_CONVERSION = YES;
				CLANG_WARN_OBJC_IMPLICIT_RETAIN_SELF = YES;
				CLANG_WARN_OBJC_LITERAL_CONVERSION = YES;
				CLANG_WARN_OBJC_ROOT_CLASS = YES_ERROR;
				CLANG_WARN_QUOTED_INCLUDE_IN_FRAMEWORK_HEADER = YES;
				CLANG_WARN_RANGE_LOOP_ANALYSIS = YES;
				CLANG_WARN_STRICT_PROTOTYPES = YES;
				CLANG_WARN_SUSPICIOUS_MOVE = YES;
				CLANG_WARN_UNGUARDED_AVAILABILITY = YES_AGGRESSIVE;
				CLANG_WARN_UNREACHABLE_CODE = YES;
				CLANG_WARN__DUPLICATE_METHOD_MATCH = YES;
				COPY_PHASE_STRIP = NO;
				DEBUG_INFORMATION_FORMAT = dwarf;
				DEVELOPMENT_TEAM = NJ87M3Q97R;
				ENABLE_STRICT_OBJC_MSGSEND = YES;
				ENABLE_TESTABILITY = YES;
				ENABLE_USER_SCRIPT_SANDBOXING = YES;
				GCC_C_LANGUAGE_STANDARD = gnu17;
				GCC_DYNAMIC_NO_PIC = NO;
				GCC_NO_COMMON_BLOCKS = YES;
				GCC_OPTIMIZATION_LEVEL = 0;
				GCC_PREPROCESSOR_DEFINITIONS = (
					"DEBUG=1",
					"$(inherited)",
				);
				GCC_WARN_64_TO_32_BIT_CONVERSION = YES;
				GCC_WARN_ABOUT_RETURN_TYPE = YES_ERROR;
				GCC_WARN_UNDECLARED_SELECTOR = YES;
				GCC_WARN_UNINITIALIZED_AUTOS = YES_AGGRESSIVE;
				GCC_WARN_UNUSED_FUNCTION = YES;
				GCC_WARN_UNUSED_VARIABLE = YES;
				IPHONEOS_DEPLOYMENT_TARGET = 18.5;
				LOCALIZATION_PREFERS_STRING_CATALOGS = YES;
				MTL_ENABLE_DEBUG_INFO = INCLUDE_SOURCE;
				MTL_FAST_MATH = YES;
				ONLY_ACTIVE_ARCH = YES;
				SDKROOT = iphoneos;
				SWIFT_ACTIVE_COMPILATION_CONDITIONS = "DEBUG $(inherited)";
				SWIFT_OPTIMIZATION_LEVEL = "-Onone";
			};
			name = Debug;
		};
		BE2BBC5B2E4220CA0069CBAE /* Release */ = {
			isa = XCBuildConfiguration;
			buildSettings = {
				ALWAYS_SEARCH_USER_PATHS = NO;
				ASSETCATALOG_COMPILER_GENERATE_SWIFT_ASSET_SYMBOL_EXTENSIONS = YES;
				CLANG_ANALYZER_NONNULL = YES;
				CLANG_ANALYZER_NUMBER_OBJECT_CONVERSION = YES_AGGRESSIVE;
				CLANG_CXX_LANGUAGE_STANDARD = "gnu++20";
				CLANG_ENABLE_MODULES = YES;
				CLANG_ENABLE_OBJC_ARC = YES;
				CLANG_ENABLE_OBJC_WEAK = YES;
				CLANG_WARN_BLOCK_CAPTURE_AUTORELEASING = YES;
				CLANG_WARN_BOOL_CONVERSION = YES;
				CLANG_WARN_COMMA = YES;
				CLANG_WARN_CONSTANT_CONVERSION = YES;
				CLANG_WARN_DEPRECATED_OBJC_IMPLEMENTATIONS = YES;
				CLANG_WARN_DIRECT_OBJC_ISA_USAGE = YES_ERROR;
				CLANG_WARN_DOCUMENTATION_COMMENTS = YES;
				CLANG_WARN_EMPTY_BODY = YES;
				CLANG_WARN_ENUM_CONVERSION = YES;
				CLANG_WARN_INFINITE_RECURSION = YES;
				CLANG_WARN_INT_CONVERSION = YES;
				CLANG_WARN_NON_LITERAL_NULL_CONVERSION = YES;
				CLANG_WARN_OBJC_IMPLICIT_RETAIN_SELF = YES;
				CLANG_WARN_OBJC_LITERAL_CONVERSION = YES;
				CLANG_WARN_OBJC_ROOT_CLASS = YES_ERROR;
				CLANG_WARN_QUOTED_INCLUDE_IN_FRAMEWORK_HEADER = YES;
				CLANG_WARN_RANGE_LOOP_ANALYSIS = YES;
				CLANG_WARN_STRICT_PROTOTYPES = YES;
				CLANG_WARN_SUSPICIOUS_MOVE = YES;
				CLANG_WARN_UNGUARDED_AVAILABILITY = YES_AGGRESSIVE;
				CLANG_WARN_UNREACHABLE_CODE = YES;
				CLANG_WARN__DUPLICATE_METHOD_MATCH = YES;
				COPY_PHASE_STRIP = NO;
				DEBUG_INFORMATION_FORMAT = "dwarf-with-dsym";
				DEVELOPMENT_TEAM = NJ87M3Q97R;
				ENABLE_NS_ASSERTIONS = NO;
				ENABLE_STRICT_OBJC_MSGSEND = YES;
				ENABLE_USER_SCRIPT_SANDBOXING = YES;
				GCC_C_LANGUAGE_STANDARD = gnu17;
				GCC_NO_COMMON_BLOCKS = YES;
				GCC_WARN_64_TO_32_BIT_CONVERSION = YES;
				GCC_WARN_ABOUT_RETURN_TYPE = YES_ERROR;
				GCC_WARN_UNDECLARED_SELECTOR = YES;
				GCC_WARN_UNINITIALIZED_AUTOS = YES_AGGRESSIVE;
				GCC_WARN_UNUSED_FUNCTION = YES;
				GCC_WARN_UNUSED_VARIABLE = YES;
				IPHONEOS_DEPLOYMENT_TARGET = 18.5;
				LOCALIZATION_PREFERS_STRING_CATALOGS = YES;
				MTL_ENABLE_DEBUG_INFO = NO;
				MTL_FAST_MATH = YES;
				SDKROOT = iphoneos;
				SWIFT_COMPILATION_MODE = wholemodule;
				VALIDATE_PRODUCT = YES;
			};
			name = Release;
		};
/* End XCBuildConfiguration section */

/* Begin XCConfigurationList section */
		BE2BBC3F2E4220C80069CBAE /* Build configuration list for PBXProject "PaywallScreen" */ = {
			isa = XCConfigurationList;
			buildConfigurations = (
				BE2BBC5A2E4220CA0069CBAE /* Debug */,
				BE2BBC5B2E4220CA0069CBAE /* Release */,
			);
			defaultConfigurationIsVisible = 0;
			defaultConfigurationName = Release;
		};
		BE2BBC572E4220CA0069CBAE /* Build configuration list for PBXNativeTarget "PaywallScreen" */ = {
			isa = XCConfigurationList;
			buildConfigurations = (
				BE2BBC582E4220CA0069CBAE /* Debug */,
				BE2BBC592E4220CA0069CBAE /* Release */,
			);
			defaultConfigurationIsVisible = 0;
			defaultConfigurationName = Release;
		};
/* End XCConfigurationList section */
	};
	rootObject = BE2BBC3C2E4220C80069CBAE /* Project object */;
}
